<?xml version="1.0" encoding="utf-8"?>
<Project ToolsVersion="4.0" xmlns="http://schemas.microsoft.com/developer/msbuild/2003">
  <ItemGroup>
    <Filter Include="src">
      <UniqueIdentifier>{2a13e08f-281c-4d2a-b742-0903e55efd71}</UniqueIdentifier>
    </Filter>
    <Filter Include="src\Entities">
      <UniqueIdentifier>{bd42fb1d-ae84-402b-a6aa-76de420a39b0}</UniqueIdentifier>
    </Filter>
  </ItemGroup>
  <ItemGroup>
    <ClCompile Include="..\src\main.cpp">
      <Filter>src</Filter>
    </ClCompile>
    <ClCompile Include="..\src\IslandHopper.cpp">
      <Filter>src</Filter>
    </ClCompile>
    <ClCompile Include="..\src\Entity.cpp">
      <Filter>src\Entities</Filter>
    </ClCompile>
    <ClCompile Include="..\src\EntityManager.cpp">
      <Filter>src\Entities</Filter>
    </ClCompile>
    <ClCompile Include="..\src\Player.cpp">
      <Filter>src\Entities</Filter>
    </ClCompile>
  </ItemGroup>
  <ItemGroup>
    <ClInclude Include="..\src\IslandHopper.h">
      <Filter>src</Filter>
    </ClInclude>
    <ClInclude Include="..\src\Entity.h">
      <Filter>src\Entities</Filter>
    </ClInclude>
    <ClInclude Include="..\src\EntityManager.h">
      <Filter>src\Entities</Filter>
    </ClInclude>
    <ClInclude Include="..\src\Player.h">
      <Filter>src\Entities</Filter>
    </ClInclude>
  </ItemGroup>
</Project>