<?xml version="1.0" encoding="utf-8"?>
<Project ToolsVersion="4.0" xmlns="http://schemas.microsoft.com/developer/msbuild/2003">
  <ItemGroup>
    <Filter Include="src">
      <UniqueIdentifier>{2a13e08f-281c-4d2a-b742-0903e55efd71}</UniqueIdentifier>
    </Filter>
    <Filter Include="src\Terrain">
      <UniqueIdentifier>{20d1029d-3f2e-4e15-8c17-6b26fbca0ae5}</UniqueIdentifier>
    </Filter>
    <Filter Include="src\Entities">
      <UniqueIdentifier>{bd42fb1d-ae84-402b-a6aa-76de420a39b0}</UniqueIdentifier>
    </Filter>
  </ItemGroup>
  <ItemGroup>
    <ClCompile Include="..\src\main.cpp">
      <Filter>src</Filter>
    </ClCompile>
    <ClCompile Include="..\src\IslandHopper.cpp">
      <Filter>src</Filter>
    </ClCompile>
    <ClCompile Include="..\src\TaskGenerateVoxels.cpp">
      <Filter>src\Terrain</Filter>
    </ClCompile>
    <ClCompile Include="..\src\VoxelTerrainMeshGenerator.cpp">
      <Filter>src\Terrain</Filter>
    </ClCompile>
    <ClCompile Include="..\src\BossDestroyed.cpp">
      <Filter>src\Entities</Filter>
    </ClCompile>
    <ClCompile Include="..\src\BossEnemy.cpp">
      <Filter>src\Entities</Filter>
    </ClCompile>
    <ClCompile Include="..\src\Bullet.cpp">
      <Filter>src\Entities</Filter>
    </ClCompile>
    <ClCompile Include="..\src\BulletHit.cpp">
      <Filter>src\Entities</Filter>
    </ClCompile>
    <ClCompile Include="..\src\DigEffect.cpp">
      <Filter>src\Entities</Filter>
    </ClCompile>
    <ClCompile Include="..\src\Enemy.cpp">
      <Filter>src\Entities</Filter>
    </ClCompile>
    <ClCompile Include="..\src\EnemyDestroyed.cpp">
      <Filter>src\Entities</Filter>
    </ClCompile>
    <ClCompile Include="..\src\Entity.cpp">
      <Filter>src\Entities</Filter>
    </ClCompile>
    <ClCompile Include="..\src\EntityManager.cpp">
      <Filter>src\Entities</Filter>
    </ClCompile>
    <ClCompile Include="..\src\Player.cpp">
      <Filter>src\Entities</Filter>
    </ClCompile>
    <ClCompile Include="..\src\VoxelTerrain.cpp">
      <Filter>src\Terrain</Filter>
    </ClCompile>
    <ClCompile Include="..\src\Granade.cpp">
      <Filter>src\Entities</Filter>
    </ClCompile>
    <ClCompile Include="..\src\MuzzleFlash.cpp">
      <Filter>src\Entities</Filter>
    </ClCompile>
    <ClCompile Include="..\src\StaticEnemy.cpp">
      <Filter>src\Entities</Filter>
    </ClCompile>
    <ClCompile Include="..\src\Turret.cpp">
      <Filter>src\Entities</Filter>
    </ClCompile>
    <ClCompile Include="..\src\TaskVoxelTerrain.cpp">
      <Filter>src\Terrain</Filter>
    </ClCompile>
  </ItemGroup>
  <ItemGroup>
    <ClInclude Include="..\src\IslandHopper.h">
      <Filter>src</Filter>
    </ClInclude>
    <ClInclude Include="..\src\TaskGenerateVoxels.h">
      <Filter>src\Terrain</Filter>
    </ClInclude>
    <ClInclude Include="..\src\VoxelTerrainMeshGenerator.h">
      <Filter>src\Terrain</Filter>
    </ClInclude>
    <ClInclude Include="..\src\BossDestroyed.h">
      <Filter>src\Entities</Filter>
    </ClInclude>
    <ClInclude Include="..\src\BossEnemy.h">
      <Filter>src\Entities</Filter>
    </ClInclude>
    <ClInclude Include="..\src\Bullet.h">
      <Filter>src\Entities</Filter>
    </ClInclude>
    <ClInclude Include="..\src\BulletHit.h">
      <Filter>src\Entities</Filter>
    </ClInclude>
    <ClInclude Include="..\src\DigEffect.h">
      <Filter>src\Entities</Filter>
    </ClInclude>
    <ClInclude Include="..\src\Enemy.h">
      <Filter>src\Entities</Filter>
    </ClInclude>
    <ClInclude Include="..\src\EnemyDestroyed.h">
      <Filter>src\Entities</Filter>
    </ClInclude>
    <ClInclude Include="..\src\Entity.h">
      <Filter>src\Entities</Filter>
    </ClInclude>
    <ClInclude Include="..\src\EntityManager.h">
      <Filter>src\Entities</Filter>
    </ClInclude>
    <ClInclude Include="..\src\Player.h">
      <Filter>src\Entities</Filter>
    </ClInclude>
    <ClInclude Include="..\src\VoxelTerrain.h">
      <Filter>src\Terrain</Filter>
    </ClInclude>
    <ClInclude Include="..\src\VoxelBlock.h">
      <Filter>src\Terrain</Filter>
    </ClInclude>
    <ClInclude Include="..\src\Granade.h">
      <Filter>src\Entities</Filter>
    </ClInclude>
    <ClInclude Include="..\src\MuzzleFlash.h">
      <Filter>src\Entities</Filter>
    </ClInclude>
    <ClInclude Include="..\src\StaticEnemy.h">
      <Filter>src\Entities</Filter>
    </ClInclude>
    <ClInclude Include="..\src\Turret.h">
      <Filter>src\Entities</Filter>
    </ClInclude>
    <ClInclude Include="..\src\TaskVoxelTerrain.h">
      <Filter>src\Terrain</Filter>
    </ClInclude>
  </ItemGroup>
</Project>